
Microsoft Visual Studio Solution File, Format Version 12.00
# Visual Studio Version 17
VisualStudioVersion = 17.0.31612.314
MinimumVisualStudioVersion = 10.0.40219.1
Project("{9A19103F-16F7-4668-BE54-9A1E7A4F7556}") = "BlackStar.Bom", "BlackStar.Bom\BlackStar.Bom.csproj", "{4DC8E2D8-2758-44DC-B59D-34AA81E0F8C4}"
EndProject
Project("{9A19103F-16F7-4668-BE54-9A1E7A4F7556}") = "BlackStar.GA", "BlackStar.GA\BlackStar.GA.csproj", "{2FB8DDD6-B6D1-4A95-8386-E63583C50B80}"
EndProject
Project("{9A19103F-16F7-4668-BE54-9A1E7A4F7556}") = "BlackStar.SceneDefinition", "BlackStar.SceneDefinition\BlackStar.SceneDefinition.csproj", "{E47174A8-B60A-4268-BB76-46C461E83744}"
EndProject
Project("{9A19103F-16F7-4668-BE54-9A1E7A4F7556}") = "CaseLightModule", "CaseLightModule\CaseLightModule.csproj", "{0DFE272C-7066-4501-BFF5-0ACA55DB0196}"
EndProject
Project("{9A19103F-16F7-4668-BE54-9A1E7A4F7556}") = "CaseBom", "CaseBom\CaseBom.csproj", "{E1C28945-24BE-45F0-9FAE-CED2F4166229}"
EndProject
Project("{9A19103F-16F7-4668-BE54-9A1E7A4F7556}") = "CaseNoBom", "CaseNoBom\CaseNoBom.csproj", "{7D151715-1AA6-4B36-8482-6A6134699745}"
EndProject
Project("{9A19103F-16F7-4668-BE54-9A1E7A4F7556}") = "CaseIntResource", "CaseIntResource\CaseIntResource.csproj", "{48CA3C16-4C17-4D3F-BA83-819520B9183E}"
EndProject
Project("{9A19103F-16F7-4668-BE54-9A1E7A4F7556}") = "CaseProduceRoute", "CaseProduceRoute\CaseProduceRoute.csproj", "{AF2AABA9-138B-4A23-9140-A99FEB947DEF}"
EndProject
Global
	GlobalSection(SolutionConfigurationPlatforms) = preSolution
		Debug|Any CPU = Debug|Any CPU
		Release|Any CPU = Release|Any CPU
	EndGlobalSection
	GlobalSection(ProjectConfigurationPlatforms) = postSolution
		{4DC8E2D8-2758-44DC-B59D-34AA81E0F8C4}.Debug|Any CPU.ActiveCfg = Debug|Any CPU
		{4DC8E2D8-2758-44DC-B59D-34AA81E0F8C4}.Debug|Any CPU.Build.0 = Debug|Any CPU
		{4DC8E2D8-2758-44DC-B59D-34AA81E0F8C4}.Release|Any CPU.ActiveCfg = Release|Any CPU
		{4DC8E2D8-2758-44DC-B59D-34AA81E0F8C4}.Release|Any CPU.Build.0 = Release|Any CPU
		{2FB8DDD6-B6D1-4A95-8386-E63583C50B80}.Debug|Any CPU.ActiveCfg = Debug|Any CPU
		{2FB8DDD6-B6D1-4A95-8386-E63583C50B80}.Debug|Any CPU.Build.0 = Debug|Any CPU
		{2FB8DDD6-B6D1-4A95-8386-E63583C50B80}.Release|Any CPU.ActiveCfg = Release|Any CPU
		{2FB8DDD6-B6D1-4A95-8386-E63583C50B80}.Release|Any CPU.Build.0 = Release|Any CPU
		{E47174A8-B60A-4268-BB76-46C461E83744}.Debug|Any CPU.ActiveCfg = Debug|Any CPU
		{E47174A8-B60A-4268-BB76-46C461E83744}.Debug|Any CPU.Build.0 = Debug|Any CPU
		{E47174A8-B60A-4268-BB76-46C461E83744}.Release|Any CPU.ActiveCfg = Release|Any CPU
		{E47174A8-B60A-4268-BB76-46C461E83744}.Release|Any CPU.Build.0 = Release|Any CPU
		{0DFE272C-7066-4501-BFF5-0ACA55DB0196}.Debug|Any CPU.ActiveCfg = Debug|Any CPU
		{0DFE272C-7066-4501-BFF5-0ACA55DB0196}.Debug|Any CPU.Build.0 = Debug|Any CPU
		{0DFE272C-7066-4501-BFF5-0ACA55DB0196}.Release|Any CPU.ActiveCfg = Release|Any CPU
		{0DFE272C-7066-4501-BFF5-0ACA55DB0196}.Release|Any CPU.Build.0 = Release|Any CPU
		{E1C28945-24BE-45F0-9FAE-CED2F4166229}.Debug|Any CPU.ActiveCfg = Debug|Any CPU
		{E1C28945-24BE-45F0-9FAE-CED2F4166229}.Debug|Any CPU.Build.0 = Debug|Any CPU
		{E1C28945-24BE-45F0-9FAE-CED2F4166229}.Release|Any CPU.ActiveCfg = Release|Any CPU
		{E1C28945-24BE-45F0-9FAE-CED2F4166229}.Release|Any CPU.Build.0 = Release|Any CPU
		{7D151715-1AA6-4B36-8482-6A6134699745}.Debug|Any CPU.ActiveCfg = Debug|Any CPU
		{7D151715-1AA6-4B36-8482-6A6134699745}.Debug|Any CPU.Build.0 = Debug|Any CPU
		{7D151715-1AA6-4B36-8482-6A6134699745}.Release|Any CPU.ActiveCfg = Release|Any CPU
		{7D151715-1AA6-4B36-8482-6A6134699745}.Release|Any CPU.Build.0 = Release|Any CPU
		{48CA3C16-4C17-4D3F-BA83-819520B9183E}.Debug|Any CPU.ActiveCfg = Debug|Any CPU
		{48CA3C16-4C17-4D3F-BA83-819520B9183E}.Debug|Any CPU.Build.0 = Debug|Any CPU
		{48CA3C16-4C17-4D3F-BA83-819520B9183E}.Release|Any CPU.ActiveCfg = Release|Any CPU
		{48CA3C16-4C17-4D3F-BA83-819520B9183E}.Release|Any CPU.Build.0 = Release|Any CPU
		{AF2AABA9-138B-4A23-9140-A99FEB947DEF}.Debug|Any CPU.ActiveCfg = Debug|Any CPU
		{AF2AABA9-138B-4A23-9140-A99FEB947DEF}.Debug|Any CPU.Build.0 = Debug|Any CPU
		{AF2AABA9-138B-4A23-9140-A99FEB947DEF}.Release|Any CPU.ActiveCfg = Release|Any CPU
		{AF2AABA9-138B-4A23-9140-A99FEB947DEF}.Release|Any CPU.Build.0 = Release|Any CPU
	EndGlobalSection
	GlobalSection(SolutionProperties) = preSolution
		HideSolutionNode = FALSE
	EndGlobalSection
	GlobalSection(ExtensibilityGlobals) = postSolution
		SolutionGuid = {B540D6B1-74A9-4E3B-AF8D-0A0897AD2782}
	EndGlobalSection
EndGlobal
